// !$*UTF8*$!
{
	archiveVersion = 1;
	classes = {
	};
	objectVersion = 56;
	objects = {

/* Begin PBXBuildFile section */
		6CD27B482CA2A42600D12F78 /* AppDelegate.swift in Sources */ = {isa = PBXBuildFile; fileRef = 6CD27B472CA2A42600D12F78 /* AppDelegate.swift */; };
		6CD27B4A2CA2A42600D12F78 /* SceneDelegate.swift in Sources */ = {isa = PBXBuildFile; fileRef = 6CD27B492CA2A42600D12F78 /* SceneDelegate.swift */; };
		6CD27B4C2CA2A42600D12F78 /* ListViewController.swift in Sources */ = {isa = PBXBuildFile; fileRef = 6CD27B4B2CA2A42600D12F78 /* ListViewController.swift */; };
		6CD27B4F2CA2A42600D12F78 /* Base in Resources */ = {isa = PBXBuildFile; fileRef = 6CD27B4E2CA2A42600D12F78 /* Base */; };
		6CD27B512CA2A42600D12F78 /* Assets.xcassets in Resources */ = {isa = PBXBuildFile; fileRef = 6CD27B502CA2A42600D12F78 /* Assets.xcassets */; };
		6CD27B542CA2A42600D12F78 /* Base in Resources */ = {isa = PBXBuildFile; fileRef = 6CD27B532CA2A42600D12F78 /* Base */; };
		6CD27B5E2CA2A67800D12F78 /* Movie.swift in Sources */ = {isa = PBXBuildFile; fileRef = 6CD27B5D2CA2A67800D12F78 /* Movie.swift */; };
		6CD27B602CA2A6B700D12F78 /* MovieProvider.swift in Sources */ = {isa = PBXBuildFile; fileRef = 6CD27B5F2CA2A6B700D12F78 /* MovieProvider.swift */; };
		6CD27B632CA2A72500D12F78 /* Constants.swift in Sources */ = {isa = PBXBuildFile; fileRef = 6CD27B622CA2A72500D12F78 /* Constants.swift */; };
		6CD27B662CA2AE5F00D12F78 /* MovieViewCell.swift in Sources */ = {isa = PBXBuildFile; fileRef = 6CD27B652CA2AE5F00D12F78 /* MovieViewCell.swift */; };
		6CD27B682CA2AF4800D12F78 /* UIImageViewExtension.swift in Sources */ = {isa = PBXBuildFile; fileRef = 6CD27B672CA2AF4800D12F78 /* UIImageViewExtension.swift */; };
		6CD27B6A2CA2AFAF00D12F78 /* UIVIewExtension.swift in Sources */ = {isa = PBXBuildFile; fileRef = 6CD27B692CA2AFAF00D12F78 /* UIVIewExtension.swift */; };
		6CD27B6C2CA2B6B500D12F78 /* DetailViewController.swift in Sources */ = {isa = PBXBuildFile; fileRef = 6CD27B6B2CA2B6B500D12F78 /* DetailViewController.swift */; };
		6CD27B6E2CA2CA3A00D12F78 /* MovieimdbID.swift in Sources */ = {isa = PBXBuildFile; fileRef = 6CD27B6D2CA2CA3A00D12F78 /* MovieimdbID.swift */; };
/* End PBXBuildFile section */

/* Begin PBXFileReference section */
		6CD27B442CA2A42600D12F78 /* ExamenIOS.app */ = {isa = PBXFileReference; explicitFileType = wrapper.application; includeInIndex = 0; path = ExamenIOS.app; sourceTree = BUILT_PRODUCTS_DIR; };
		6CD27B472CA2A42600D12F78 /* AppDelegate.swift */ = {isa = PBXFileReference; lastKnownFileType = sourcecode.swift; path = AppDelegate.swift; sourceTree = "<group>"; };
		6CD27B492CA2A42600D12F78 /* SceneDelegate.swift */ = {isa = PBXFileReference; lastKnownFileType = sourcecode.swift; path = SceneDelegate.swift; sourceTree = "<group>"; };
		6CD27B4B2CA2A42600D12F78 /* ListViewController.swift */ = {isa = PBXFileReference; lastKnownFileType = sourcecode.swift; path = ListViewController.swift; sourceTree = "<group>"; };
		6CD27B4E2CA2A42600D12F78 /* Base */ = {isa = PBXFileReference; lastKnownFileType = file.storyboard; name = Base; path = Base.lproj/Main.storyboard; sourceTree = "<group>"; };
		6CD27B502CA2A42600D12F78 /* Assets.xcassets */ = {isa = PBXFileReference; lastKnownFileType = folder.assetcatalog; path = Assets.xcassets; sourceTree = "<group>"; };
		6CD27B532CA2A42600D12F78 /* Base */ = {isa = PBXFileReference; lastKnownFileType = file.storyboard; name = Base; path = Base.lproj/LaunchScreen.storyboard; sourceTree = "<group>"; };
		6CD27B552CA2A42600D12F78 /* Info.plist */ = {isa = PBXFileReference; lastKnownFileType = text.plist.xml; path = Info.plist; sourceTree = "<group>"; };
		6CD27B5D2CA2A67800D12F78 /* Movie.swift */ = {isa = PBXFileReference; lastKnownFileType = sourcecode.swift; path = Movie.swift; sourceTree = "<group>"; };
		6CD27B5F2CA2A6B700D12F78 /* MovieProvider.swift */ = {isa = PBXFileReference; lastKnownFileType = sourcecode.swift; path = MovieProvider.swift; sourceTree = "<group>"; };
		6CD27B622CA2A72500D12F78 /* Constants.swift */ = {isa = PBXFileReference; lastKnownFileType = sourcecode.swift; path = Constants.swift; sourceTree = "<group>"; };
		6CD27B652CA2AE5F00D12F78 /* MovieViewCell.swift */ = {isa = PBXFileReference; lastKnownFileType = sourcecode.swift; path = MovieViewCell.swift; sourceTree = "<group>"; };
		6CD27B672CA2AF4800D12F78 /* UIImageViewExtension.swift */ = {isa = PBXFileReference; lastKnownFileType = sourcecode.swift; path = UIImageViewExtension.swift; sourceTree = "<group>"; };
		6CD27B692CA2AFAF00D12F78 /* UIVIewExtension.swift */ = {isa = PBXFileReference; lastKnownFileType = sourcecode.swift; path = UIVIewExtension.swift; sourceTree = "<group>"; };
		6CD27B6B2CA2B6B500D12F78 /* DetailViewController.swift */ = {isa = PBXFileReference; lastKnownFileType = sourcecode.swift; path = DetailViewController.swift; sourceTree = "<group>"; };
		6CD27B6D2CA2CA3A00D12F78 /* MovieimdbID.swift */ = {isa = PBXFileReference; lastKnownFileType = sourcecode.swift; path = MovieimdbID.swift; sourceTree = "<group>"; };
/* End PBXFileReference section */

/* Begin PBXFrameworksBuildPhase section */
		6CD27B412CA2A42600D12F78 /* Frameworks */ = {
			isa = PBXFrameworksBuildPhase;
			buildActionMask = 2147483647;
			files = (
			);
			runOnlyForDeploymentPostprocessing = 0;
		};
/* End PBXFrameworksBuildPhase section */

/* Begin PBXGroup section */
		6CD27B3B2CA2A42600D12F78 = {
			isa = PBXGroup;
			children = (
				6CD27B462CA2A42600D12F78 /* ExamenIOS */,
				6CD27B452CA2A42600D12F78 /* Products */,
			);
			sourceTree = "<group>";
		};
		6CD27B452CA2A42600D12F78 /* Products */ = {
			isa = PBXGroup;
			children = (
				6CD27B442CA2A42600D12F78 /* ExamenIOS.app */,
			);
			name = Products;
			sourceTree = "<group>";
		};
		6CD27B462CA2A42600D12F78 /* ExamenIOS */ = {
			isa = PBXGroup;
			children = (
				6CD27B642CA2AE1900D12F78 /* ViewCells */,
				6CD27B612CA2A70C00D12F78 /* Utils */,
				6CD27B5C2CA2A62F00D12F78 /* Data */,
				6CD27B5B2CA2A56300D12F78 /* ViewControllers */,
				6CD27B472CA2A42600D12F78 /* AppDelegate.swift */,
				6CD27B492CA2A42600D12F78 /* SceneDelegate.swift */,
				6CD27B4D2CA2A42600D12F78 /* Main.storyboard */,
				6CD27B502CA2A42600D12F78 /* Assets.xcassets */,
				6CD27B522CA2A42600D12F78 /* LaunchScreen.storyboard */,
				6CD27B552CA2A42600D12F78 /* Info.plist */,
			);
			path = ExamenIOS;
			sourceTree = "<group>";
		};
		6CD27B5B2CA2A56300D12F78 /* ViewControllers */ = {
			isa = PBXGroup;
			children = (
				6CD27B4B2CA2A42600D12F78 /* ListViewController.swift */,
				6CD27B6B2CA2B6B500D12F78 /* DetailViewController.swift */,
			);
			path = ViewControllers;
			sourceTree = "<group>";
		};
		6CD27B5C2CA2A62F00D12F78 /* Data */ = {
			isa = PBXGroup;
			children = (
				6CD27B5D2CA2A67800D12F78 /* Movie.swift */,
				6CD27B5F2CA2A6B700D12F78 /* MovieProvider.swift */,
				6CD27B6D2CA2CA3A00D12F78 /* MovieimdbID.swift */,
			);
			path = Data;
			sourceTree = "<group>";
		};
		6CD27B612CA2A70C00D12F78 /* Utils */ = {
			isa = PBXGroup;
			children = (
				6CD27B622CA2A72500D12F78 /* Constants.swift */,
				6CD27B672CA2AF4800D12F78 /* UIImageViewExtension.swift */,
				6CD27B692CA2AFAF00D12F78 /* UIVIewExtension.swift */,
			);
			path = Utils;
			sourceTree = "<group>";
		};
		6CD27B642CA2AE1900D12F78 /* ViewCells */ = {
			isa = PBXGroup;
			children = (
				6CD27B652CA2AE5F00D12F78 /* MovieViewCell.swift */,
			);
			path = ViewCells;
			sourceTree = "<group>";
		};
/* End PBXGroup section */

/* Begin PBXNativeTarget section */
		6CD27B432CA2A42600D12F78 /* ExamenIOS */ = {
			isa = PBXNativeTarget;
			buildConfigurationList = 6CD27B582CA2A42600D12F78 /* Build configuration list for PBXNativeTarget "ExamenIOS" */;
			buildPhases = (
				6CD27B402CA2A42600D12F78 /* Sources */,
				6CD27B412CA2A42600D12F78 /* Frameworks */,
				6CD27B422CA2A42600D12F78 /* Resources */,
			);
			buildRules = (
			);
			dependencies = (
			);
			name = ExamenIOS;
			productName = ExamenIOS;
			productReference = 6CD27B442CA2A42600D12F78 /* ExamenIOS.app */;
			productType = "com.apple.product-type.application";
		};
/* End PBXNativeTarget section */

/* Begin PBXProject section */
		6CD27B3C2CA2A42600D12F78 /* Project object */ = {
			isa = PBXProject;
			attributes = {
				BuildIndependentTargetsInParallel = 1;
				LastSwiftUpdateCheck = 1540;
				LastUpgradeCheck = 1540;
				TargetAttributes = {
					6CD27B432CA2A42600D12F78 = {
						CreatedOnToolsVersion = 15.4;
					};
				};
			};
			buildConfigurationList = 6CD27B3F2CA2A42600D12F78 /* Build configuration list for PBXProject "ExamenIOS" */;
			compatibilityVersion = "Xcode 14.0";
			developmentRegion = en;
			hasScannedForEncodings = 0;
			knownRegions = (
				en,
				Base,
			);
			mainGroup = 6CD27B3B2CA2A42600D12F78;
			productRefGroup = 6CD27B452CA2A42600D12F78 /* Products */;
			projectDirPath = "";
			projectRoot = "";
			targets = (
				6CD27B432CA2A42600D12F78 /* ExamenIOS */,
			);
		};
/* End PBXProject section */

/* Begin PBXResourcesBuildPhase section */
		6CD27B422CA2A42600D12F78 /* Resources */ = {
			isa = PBXResourcesBuildPhase;
			buildActionMask = 2147483647;
			files = (
				6CD27B512CA2A42600D12F78 /* Assets.xcassets in Resources */,
				6CD27B542CA2A42600D12F78 /* Base in Resources */,
				6CD27B4F2CA2A42600D12F78 /* Base in Resources */,
			);
			runOnlyForDeploymentPostprocessing = 0;
		};
/* End PBXResourcesBuildPhase section */

/* Begin PBXSourcesBuildPhase section */
		6CD27B402CA2A42600D12F78 /* Sources */ = {
			isa = PBXSourcesBuildPhase;
			buildActionMask = 2147483647;
			files = (
				6CD27B4C2CA2A42600D12F78 /* ListViewController.swift in Sources */,
				6CD27B482CA2A42600D12F78 /* AppDelegate.swift in Sources */,
				6CD27B6E2CA2CA3A00D12F78 /* MovieimdbID.swift in Sources */,
				6CD27B5E2CA2A67800D12F78 /* Movie.swift in Sources */,
				6CD27B4A2CA2A42600D12F78 /* SceneDelegate.swift in Sources */,
				6CD27B602CA2A6B700D12F78 /* MovieProvider.swift in Sources */,
				6CD27B632CA2A72500D12F78 /* Constants.swift in Sources */,
				6CD27B6A2CA2AFAF00D12F78 /* UIVIewExtension.swift in Sources */,
				6CD27B6C2CA2B6B500D12F78 /* DetailViewController.swift in Sources */,
				6CD27B682CA2AF4800D12F78 /* UIImageViewExtension.swift in Sources */,
				6CD27B662CA2AE5F00D12F78 /* MovieViewCell.swift in Sources */,
			);
			runOnlyForDeploymentPostprocessing = 0;
		};
/* End PBXSourcesBuildPhase section */

/* Begin PBXVariantGroup section */
		6CD27B4D2CA2A42600D12F78 /* Main.storyboard */ = {
			isa = PBXVariantGroup;
			children = (
				6CD27B4E2CA2A42600D12F78 /* Base */,
			);
			name = Main.storyboard;
			sourceTree = "<group>";
		};
		6CD27B522CA2A42600D12F78 /* LaunchScreen.storyboard */ = {
			isa = PBXVariantGroup;
			children = (
				6CD27B532CA2A42600D12F78 /* Base */,
			);
			name = LaunchScreen.storyboard;
			sourceTree = "<group>";
		};
/* End PBXVariantGroup section */

/* Begin XCBuildConfiguration section */
		6CD27B562CA2A42600D12F78 /* Debug */ = {
			isa = XCBuildConfiguration;
			buildSettings = {
				ALWAYS_SEARCH_USER_PATHS = NO;
				ASSETCATALOG_COMPILER_GENERATE_SWIFT_ASSET_SYMBOL_EXTENSIONS = YES;
				CLANG_ANALYZER_NONNULL = YES;
				CLANG_ANALYZER_NUMBER_OBJECT_CONVERSION = YES_AGGRESSIVE;
				CLANG_CXX_LANGUAGE_STANDARD = "gnu++20";
				CLANG_ENABLE_MODULES = YES;
				CLANG_ENABLE_OBJC_ARC = YES;
				CLANG_ENABLE_OBJC_WEAK = YES;
				CLANG_WARN_BLOCK_CAPTURE_AUTORELEASING = YES;
				CLANG_WARN_BOOL_CONVERSION = YES;
				CLANG_WARN_COMMA = YES;
				CLANG_WARN_CONSTANT_CONVERSION = YES;
				CLANG_WARN_DEPRECATED_OBJC_IMPLEMENTATIONS = YES;
				CLANG_WARN_DIRECT_OBJC_ISA_USAGE = YES_ERROR;
				CLANG_WARN_DOCUMENTATION_COMMENTS = YES;
				CLANG_WARN_EMPTY_BODY = YES;
				CLANG_WARN_ENUM_CONVERSION = YES;
				CLANG_WARN_INFINITE_RECURSION = YES;
				CLANG_WARN_INT_CONVERSION = YES;
				CLANG_WARN_NON_LITERAL_NULL_CONVERSION = YES;
				CLANG_WARN_OBJC_IMPLICIT_RETAIN_SELF = YES;
				CLANG_WARN_OBJC_LITERAL_CONVERSION = YES;
				CLANG_WARN_OBJC_ROOT_CLASS = YES_ERROR;
				CLANG_WARN_QUOTED_INCLUDE_IN_FRAMEWORK_HEADER = YES;
				CLANG_WARN_RANGE_LOOP_ANALYSIS = YES;
				CLANG_WARN_STRICT_PROTOTYPES = YES;
				CLANG_WARN_SUSPICIOUS_MOVE = YES;
				CLANG_WARN_UNGUARDED_AVAILABILITY = YES_AGGRESSIVE;
				CLANG_WARN_UNREACHABLE_CODE = YES;
				CLANG_WARN__DUPLICATE_METHOD_MATCH = YES;
				COPY_PHASE_STRIP = NO;
				DEBUG_INFORMATION_FORMAT = dwarf;
				ENABLE_STRICT_OBJC_MSGSEND = YES;
				ENABLE_TESTABILITY = YES;
				ENABLE_USER_SCRIPT_SANDBOXING = YES;
				GCC_C_LANGUAGE_STANDARD = gnu17;
				GCC_DYNAMIC_NO_PIC = NO;
				GCC_NO_COMMON_BLOCKS = YES;
				GCC_OPTIMIZATION_LEVEL = 0;
				GCC_PREPROCESSOR_DEFINITIONS = (
					"DEBUG=1",
					"$(inherited)",
				);
				GCC_WARN_64_TO_32_BIT_CONVERSION = YES;
				GCC_WARN_ABOUT_RETURN_TYPE = YES_ERROR;
				GCC_WARN_UNDECLARED_SELECTOR = YES;
				GCC_WARN_UNINITIALIZED_AUTOS = YES_AGGRESSIVE;
				GCC_WARN_UNUSED_FUNCTION = YES;
				GCC_WARN_UNUSED_VARIABLE = YES;
				IPHONEOS_DEPLOYMENT_TARGET = 17.5;
				LOCALIZATION_PREFERS_STRING_CATALOGS = YES;
				MTL_ENABLE_DEBUG_INFO = INCLUDE_SOURCE;
				MTL_FAST_MATH = YES;
				ONLY_ACTIVE_ARCH = YES;
				SDKROOT = iphoneos;
				SWIFT_ACTIVE_COMPILATION_CONDITIONS = "DEBUG $(inherited)";
				SWIFT_OPTIMIZATION_LEVEL = "-Onone";
			};
			name = Debug;
		};
		6CD27B572CA2A42600D12F78 /* Release */ = {
			isa = XCBuildConfiguration;
			buildSettings = {
				ALWAYS_SEARCH_USER_PATHS = NO;
				ASSETCATALOG_COMPILER_GENERATE_SWIFT_ASSET_SYMBOL_EXTENSIONS = YES;
				CLANG_ANALYZER_NONNULL = YES;
				CLANG_ANALYZER_NUMBER_OBJECT_CONVERSION = YES_AGGRESSIVE;
				CLANG_CXX_LANGUAGE_STANDARD = "gnu++20";
				CLANG_ENABLE_MODULES = YES;
				CLANG_ENABLE_OBJC_ARC = YES;
				CLANG_ENABLE_OBJC_WEAK = YES;
				CLANG_WARN_BLOCK_CAPTURE_AUTORELEASING = YES;
				CLANG_WARN_BOOL_CONVERSION = YES;
				CLANG_WARN_COMMA = YES;
				CLANG_WARN_CONSTANT_CONVERSION = YES;
				CLANG_WARN_DEPRECATED_OBJC_IMPLEMENTATIONS = YES;
				CLANG_WARN_DIRECT_OBJC_ISA_USAGE = YES_ERROR;
				CLANG_WARN_DOCUMENTATION_COMMENTS = YES;
				CLANG_WARN_EMPTY_BODY = YES;
				CLANG_WARN_ENUM_CONVERSION = YES;
				CLANG_WARN_INFINITE_RECURSION = YES;
				CLANG_WARN_INT_CONVERSION = YES;
				CLANG_WARN_NON_LITERAL_NULL_CONVERSION = YES;
				CLANG_WARN_OBJC_IMPLICIT_RETAIN_SELF = YES;
				CLANG_WARN_OBJC_LITERAL_CONVERSION = YES;
				CLANG_WARN_OBJC_ROOT_CLASS = YES_ERROR;
				CLANG_WARN_QUOTED_INCLUDE_IN_FRAMEWORK_HEADER = YES;
				CLANG_WARN_RANGE_LOOP_ANALYSIS = YES;
				CLANG_WARN_STRICT_PROTOTYPES = YES;
				CLANG_WARN_SUSPICIOUS_MOVE = YES;
				CLANG_WARN_UNGUARDED_AVAILABILITY = YES_AGGRESSIVE;
				CLANG_WARN_UNREACHABLE_CODE = YES;
				CLANG_WARN__DUPLICATE_METHOD_MATCH = YES;
				COPY_PHASE_STRIP = NO;
				DEBUG_INFORMATION_FORMAT = "dwarf-with-dsym";
				ENABLE_NS_ASSERTIONS = NO;
				ENABLE_STRICT_OBJC_MSGSEND = YES;
				ENABLE_USER_SCRIPT_SANDBOXING = YES;
				GCC_C_LANGUAGE_STANDARD = gnu17;
				GCC_NO_COMMON_BLOCKS = YES;
				GCC_WARN_64_TO_32_BIT_CONVERSION = YES;
				GCC_WARN_ABOUT_RETURN_TYPE = YES_ERROR;
				GCC_WARN_UNDECLARED_SELECTOR = YES;
				GCC_WARN_UNINITIALIZED_AUTOS = YES_AGGRESSIVE;
				GCC_WARN_UNUSED_FUNCTION = YES;
				GCC_WARN_UNUSED_VARIABLE = YES;
				IPHONEOS_DEPLOYMENT_TARGET = 17.5;
				LOCALIZATION_PREFERS_STRING_CATALOGS = YES;
				MTL_ENABLE_DEBUG_INFO = NO;
				MTL_FAST_MATH = YES;
				SDKROOT = iphoneos;
				SWIFT_COMPILATION_MODE = wholemodule;
				VALIDATE_PRODUCT = YES;
			};
			name = Release;
		};
		6CD27B592CA2A42600D12F78 /* Debug */ = {
			isa = XCBuildConfiguration;
			buildSettings = {
				ASSETCATALOG_COMPILER_APPICON_NAME = AppIcon;
				ASSETCATALOG_COMPILER_GLOBAL_ACCENT_COLOR_NAME = AccentColor;
				CODE_SIGN_STYLE = Automatic;
				CURRENT_PROJECT_VERSION = 1;
				GENERATE_INFOPLIST_FILE = YES;
				INFOPLIST_FILE = ExamenIOS/Info.plist;
				INFOPLIST_KEY_UIApplicationSupportsIndirectInputEvents = YES;
				INFOPLIST_KEY_UILaunchStoryboardName = LaunchScreen;
				INFOPLIST_KEY_UIMainStoryboardFile = Main;
				INFOPLIST_KEY_UISupportedInterfaceOrientations_iPad = "UIInterfaceOrientationPortrait UIInterfaceOrientationPortraitUpsideDown UIInterfaceOrientationLandscapeLeft UIInterfaceOrientationLandscapeRight";
				INFOPLIST_KEY_UISupportedInterfaceOrientations_iPhone = "UIInterfaceOrientationPortrait UIInterfaceOrientationLandscapeLeft UIInterfaceOrientationLandscapeRight";
				LD_RUNPATH_SEARCH_PATHS = (
					"$(inherited)",
					"@executable_path/Frameworks",
				);
				MARKETING_VERSION = 1.0;
				PRODUCT_BUNDLE_IDENTIFIER = com.example.ExamenIOS;
				PRODUCT_NAME = "$(TARGET_NAME)";
				SWIFT_EMIT_LOC_STRINGS = YES;
				SWIFT_VERSION = 5.0;
				TARGETED_DEVICE_FAMILY = "1,2";
			};
			name = Debug;
		};
		6CD27B5A2CA2A42600D12F78 /* Release */ = {
			isa = XCBuildConfiguration;
			buildSettings = {
				ASSETCATALOG_COMPILER_APPICON_NAME = AppIcon;
				ASSETCATALOG_COMPILER_GLOBAL_ACCENT_COLOR_NAME = AccentColor;
				CODE_SIGN_STYLE = Automatic;
				CURRENT_PROJECT_VERSION = 1;
				GENERATE_INFOPLIST_FILE = YES;
				INFOPLIST_FILE = ExamenIOS/Info.plist;
				INFOPLIST_KEY_UIApplicationSupportsIndirectInputEvents = YES;
				INFOPLIST_KEY_UILaunchStoryboardName = LaunchScreen;
				INFOPLIST_KEY_UIMainStoryboardFile = Main;
				INFOPLIST_KEY_UISupportedInterfaceOrientations_iPad = "UIInterfaceOrientationPortrait UIInterfaceOrientationPortraitUpsideDown UIInterfaceOrientationLandscapeLeft UIInterfaceOrientationLandscapeRight";
				INFOPLIST_KEY_UISupportedInterfaceOrientations_iPhone = "UIInterfaceOrientationPortrait UIInterfaceOrientationLandscapeLeft UIInterfaceOrientationLandscapeRight";
				LD_RUNPATH_SEARCH_PATHS = (
					"$(inherited)",
					"@executable_path/Frameworks",
				);
				MARKETING_VERSION = 1.0;
				PRODUCT_BUNDLE_IDENTIFIER = com.example.ExamenIOS;
				PRODUCT_NAME = "$(TARGET_NAME)";
				SWIFT_EMIT_LOC_STRINGS = YES;
				SWIFT_VERSION = 5.0;
				TARGETED_DEVICE_FAMILY = "1,2";
			};
			name = Release;
		};
/* End XCBuildConfiguration section */

/* Begin XCConfigurationList section */
		6CD27B3F2CA2A42600D12F78 /* Build configuration list for PBXProject "ExamenIOS" */ = {
			isa = XCConfigurationList;
			buildConfigurations = (
				6CD27B562CA2A42600D12F78 /* Debug */,
				6CD27B572CA2A42600D12F78 /* Release */,
			);
			defaultConfigurationIsVisible = 0;
			defaultConfigurationName = Release;
		};
		6CD27B582CA2A42600D12F78 /* Build configuration list for PBXNativeTarget "ExamenIOS" */ = {
			isa = XCConfigurationList;
			buildConfigurations = (
				6CD27B592CA2A42600D12F78 /* Debug */,
				6CD27B5A2CA2A42600D12F78 /* Release */,
			);
			defaultConfigurationIsVisible = 0;
			defaultConfigurationName = Release;
		};
/* End XCConfigurationList section */
	};
	rootObject = 6CD27B3C2CA2A42600D12F78 /* Project object */;
}
